
Microsoft Visual Studio Solution File, Format Version 12.00
# Visual Studio 15
VisualStudioVersion = 15.0.26430.16
MinimumVisualStudioVersion = 10.0.40219.1
Project("{9A19103F-16F7-4668-BE54-9A1E7A4F7556}") = "FirebaseCoreAdmin", "FirebaseCoreAdmin\FirebaseCoreAdmin.csproj", "{8B426A67-374A-47B9-BAAE-78ACDC6CC11C}"
EndProject
Project("{9A19103F-16F7-4668-BE54-9A1E7A4F7556}") = "FirebaseCoreAdmin.Tests", "FirebaseCoreAdmin.Tests\FirebaseCoreAdmin.Tests.csproj", "{60D737A2-C5BB-426C-B1F0-888994298CB1}"
EndProject
Global
	GlobalSection(SolutionConfigurationPlatforms) = preSolution
		Debug|Any CPU = Debug|Any CPU
		Release|Any CPU = Release|Any CPU
	EndGlobalSection
	GlobalSection(ProjectConfigurationPlatforms) = postSolution
		{8B426A67-374A-47B9-BAAE-78ACDC6CC11C}.Debug|Any CPU.ActiveCfg = Debug|Any CPU
		{8B426A67-374A-47B9-BAAE-78ACDC6CC11C}.Debug|Any CPU.Build.0 = Debug|Any CPU
		{8B426A67-374A-47B9-BAAE-78ACDC6CC11C}.Release|Any CPU.ActiveCfg = Release|Any CPU
		{8B426A67-374A-47B9-BAAE-78ACDC6CC11C}.Release|Any CPU.Build.0 = Release|Any CPU
		{60D737A2-C5BB-426C-B1F0-888994298CB1}.Debug|Any CPU.ActiveCfg = Debug|Any CPU
		{60D737A2-C5BB-426C-B1F0-888994298CB1}.Debug|Any CPU.Build.0 = Debug|Any CPU
		{60D737A2-C5BB-426C-B1F0-888994298CB1}.Release|Any CPU.ActiveCfg = Release|Any CPU
		{60D737A2-C5BB-426C-B1F0-888994298CB1}.Release|Any CPU.Build.0 = Release|Any CPU
	EndGlobalSection
	GlobalSection(SolutionProperties) = preSolution
		HideSolutionNode = FALSE
	EndGlobalSection
EndGlobal
